// !$*UTF8*$!
{
	archiveVersion = 1;
	classes = {
	};
	objectVersion = 56;
	objects = {

/* Begin PBXBuildFile section */
		040977FA2AA4CD96004156A5 /* Async.swift in Sources */ = {isa = PBXBuildFile; fileRef = 040977F92AA4CD96004156A5 /* Async.swift */; };
		043678EF2AA0A78F003C676F /* AppDelegate.swift in Sources */ = {isa = PBXBuildFile; fileRef = 043678EE2AA0A78F003C676F /* AppDelegate.swift */; };
		043678F12AA0A78F003C676F /* SceneDelegate.swift in Sources */ = {isa = PBXBuildFile; fileRef = 043678F02AA0A78F003C676F /* SceneDelegate.swift */; };
		043678F32AA0A78F003C676F /* CurrentWeatherViewController.swift in Sources */ = {isa = PBXBuildFile; fileRef = 043678F22AA0A78F003C676F /* CurrentWeatherViewController.swift */; };
		043678F62AA0A78F003C676F /* Main.storyboard in Resources */ = {isa = PBXBuildFile; fileRef = 043678F42AA0A78F003C676F /* Main.storyboard */; };
		043678F82AA0A791003C676F /* Assets.xcassets in Resources */ = {isa = PBXBuildFile; fileRef = 043678F72AA0A791003C676F /* Assets.xcassets */; };
		043678FB2AA0A791003C676F /* LaunchScreen.storyboard in Resources */ = {isa = PBXBuildFile; fileRef = 043678F92AA0A791003C676F /* LaunchScreen.storyboard */; };
		043679062AA0A792003C676F /* iOSWeatherAppTests.swift in Sources */ = {isa = PBXBuildFile; fileRef = 043679052AA0A792003C676F /* iOSWeatherAppTests.swift */; };
		043679102AA0A792003C676F /* iOSWeatherAppUITests.swift in Sources */ = {isa = PBXBuildFile; fileRef = 0436790F2AA0A792003C676F /* iOSWeatherAppUITests.swift */; };
		043679122AA0A792003C676F /* iOSWeatherAppUITestsLaunchTests.swift in Sources */ = {isa = PBXBuildFile; fileRef = 043679112AA0A792003C676F /* iOSWeatherAppUITestsLaunchTests.swift */; };
		043679202AA0BD11003C676F /* SearchLocationController.swift in Sources */ = {isa = PBXBuildFile; fileRef = 0436791F2AA0BD11003C676F /* SearchLocationController.swift */; };
		043679242AA0BDB3003C676F /* ResponseError.swift in Sources */ = {isa = PBXBuildFile; fileRef = 043679222AA0BDB3003C676F /* ResponseError.swift */; };
		043679282AA0BDF1003C676F /* Location.swift in Sources */ = {isa = PBXBuildFile; fileRef = 043679272AA0BDF1003C676F /* Location.swift */; };
		0436792B2AA0D16D003C676F /* LocationCell.swift in Sources */ = {isa = PBXBuildFile; fileRef = 0436792A2AA0D16D003C676F /* LocationCell.swift */; };
		0436792D2AA0D6C0003C676F /* CurrentWeather.swift in Sources */ = {isa = PBXBuildFile; fileRef = 0436792C2AA0D6C0003C676F /* CurrentWeather.swift */; };
		0436792F2AA0D864003C676F /* Coordinate.swift in Sources */ = {isa = PBXBuildFile; fileRef = 0436792E2AA0D864003C676F /* Coordinate.swift */; };
		043679312AA0D8E9003C676F /* WeatherElement.swift in Sources */ = {isa = PBXBuildFile; fileRef = 043679302AA0D8E9003C676F /* WeatherElement.swift */; };
		043679332AA0D906003C676F /* CurrentWeatherMainValue.swift in Sources */ = {isa = PBXBuildFile; fileRef = 043679322AA0D906003C676F /* CurrentWeatherMainValue.swift */; };
		043679352AA0D911003C676F /* WeatherWind.swift in Sources */ = {isa = PBXBuildFile; fileRef = 043679342AA0D911003C676F /* WeatherWind.swift */; };
		043679372AA0D91A003C676F /* WeatherClouds.swift in Sources */ = {isa = PBXBuildFile; fileRef = 043679362AA0D91A003C676F /* WeatherClouds.swift */; };
		043679392AA0D921003C676F /* CurrentWeatherSys.swift in Sources */ = {isa = PBXBuildFile; fileRef = 043679382AA0D921003C676F /* CurrentWeatherSys.swift */; };
		0436793B2AA0DC17003C676F /* WeatherAPIClient.swift in Sources */ = {isa = PBXBuildFile; fileRef = 0436793A2AA0DC17003C676F /* WeatherAPIClient.swift */; };
		0436793E2AA11799003C676F /* extension.swift in Sources */ = {isa = PBXBuildFile; fileRef = 0436793D2AA11799003C676F /* extension.swift */; };
		046653972AA2191900B58A10 /* Reachability.swift in Sources */ = {isa = PBXBuildFile; fileRef = 046653962AA2191900B58A10 /* Reachability.swift */; };
		046653992AA22E1A00B58A10 /* UserDefault+Helper.swift in Sources */ = {isa = PBXBuildFile; fileRef = 046653982AA22E1A00B58A10 /* UserDefault+Helper.swift */; };
		0466539C2AA2491400B58A10 /* SnackBar in Frameworks */ = {isa = PBXBuildFile; productRef = 0466539B2AA2491400B58A10 /* SnackBar */; };
		047647462AA4A474005FEA7D /* README.md in Resources */ = {isa = PBXBuildFile; fileRef = 047647452AA4A474005FEA7D /* README.md */; };
		047647482AA4AF6E005FEA7D /* AppConstant.swift in Sources */ = {isa = PBXBuildFile; fileRef = 047647472AA4AF6E005FEA7D /* AppConstant.swift */; };
		0483415E2AA255BF00C046AD /* AppSnackBar.swift in Sources */ = {isa = PBXBuildFile; fileRef = 0483415D2AA255BF00C046AD /* AppSnackBar.swift */; };
		048341602AA2678A00C046AD /* SearchLocationTests.swift in Sources */ = {isa = PBXBuildFile; fileRef = 0483415F2AA2678A00C046AD /* SearchLocationTests.swift */; };
		048341622AA2682B00C046AD /* ModelClassTests.swift in Sources */ = {isa = PBXBuildFile; fileRef = 048341612AA2682B00C046AD /* ModelClassTests.swift */; };
		048341642AA272C700C046AD /* WeatherAPIClientTests.swift in Sources */ = {isa = PBXBuildFile; fileRef = 048341632AA272C700C046AD /* WeatherAPIClientTests.swift */; };
/* End PBXBuildFile section */

/* Begin PBXContainerItemProxy section */
		043679022AA0A792003C676F /* PBXContainerItemProxy */ = {
			isa = PBXContainerItemProxy;
			containerPortal = 043678E32AA0A78F003C676F /* Project object */;
			proxyType = 1;
			remoteGlobalIDString = 043678EA2AA0A78F003C676F;
			remoteInfo = iOSWeatherDemoApp;
		};
		0436790C2AA0A792003C676F /* PBXContainerItemProxy */ = {
			isa = PBXContainerItemProxy;
			containerPortal = 043678E32AA0A78F003C676F /* Project object */;
			proxyType = 1;
			remoteGlobalIDString = 043678EA2AA0A78F003C676F;
			remoteInfo = iOSWeatherDemoApp;
		};
/* End PBXContainerItemProxy section */

/* Begin PBXFileReference section */
		040977F92AA4CD96004156A5 /* Async.swift */ = {isa = PBXFileReference; lastKnownFileType = sourcecode.swift; path = Async.swift; sourceTree = "<group>"; };
		043678EB2AA0A78F003C676F /* iOSWeatherApp.app */ = {isa = PBXFileReference; explicitFileType = wrapper.application; includeInIndex = 0; path = iOSWeatherApp.app; sourceTree = BUILT_PRODUCTS_DIR; };
		043678EE2AA0A78F003C676F /* AppDelegate.swift */ = {isa = PBXFileReference; lastKnownFileType = sourcecode.swift; path = AppDelegate.swift; sourceTree = "<group>"; };
		043678F02AA0A78F003C676F /* SceneDelegate.swift */ = {isa = PBXFileReference; lastKnownFileType = sourcecode.swift; path = SceneDelegate.swift; sourceTree = "<group>"; };
		043678F22AA0A78F003C676F /* CurrentWeatherViewController.swift */ = {isa = PBXFileReference; lastKnownFileType = sourcecode.swift; path = CurrentWeatherViewController.swift; sourceTree = "<group>"; };
		043678F52AA0A78F003C676F /* Base */ = {isa = PBXFileReference; lastKnownFileType = file.storyboard; name = Base; path = Base.lproj/Main.storyboard; sourceTree = "<group>"; };
		043678F72AA0A791003C676F /* Assets.xcassets */ = {isa = PBXFileReference; lastKnownFileType = folder.assetcatalog; path = Assets.xcassets; sourceTree = "<group>"; };
		043678FA2AA0A791003C676F /* Base */ = {isa = PBXFileReference; lastKnownFileType = file.storyboard; name = Base; path = Base.lproj/LaunchScreen.storyboard; sourceTree = "<group>"; };
		043678FC2AA0A791003C676F /* Info.plist */ = {isa = PBXFileReference; lastKnownFileType = text.plist.xml; path = Info.plist; sourceTree = "<group>"; };
		043679012AA0A792003C676F /* iOSWeatherAppTests.xctest */ = {isa = PBXFileReference; explicitFileType = wrapper.cfbundle; includeInIndex = 0; path = iOSWeatherAppTests.xctest; sourceTree = BUILT_PRODUCTS_DIR; };
		043679052AA0A792003C676F /* iOSWeatherAppTests.swift */ = {isa = PBXFileReference; lastKnownFileType = sourcecode.swift; path = iOSWeatherAppTests.swift; sourceTree = "<group>"; };
		0436790B2AA0A792003C676F /* iOSWeatherAppUITests.xctest */ = {isa = PBXFileReference; explicitFileType = wrapper.cfbundle; includeInIndex = 0; path = iOSWeatherAppUITests.xctest; sourceTree = BUILT_PRODUCTS_DIR; };
		0436790F2AA0A792003C676F /* iOSWeatherAppUITests.swift */ = {isa = PBXFileReference; lastKnownFileType = sourcecode.swift; path = iOSWeatherAppUITests.swift; sourceTree = "<group>"; };
		043679112AA0A792003C676F /* iOSWeatherAppUITestsLaunchTests.swift */ = {isa = PBXFileReference; lastKnownFileType = sourcecode.swift; path = iOSWeatherAppUITestsLaunchTests.swift; sourceTree = "<group>"; };
		0436791F2AA0BD11003C676F /* SearchLocationController.swift */ = {isa = PBXFileReference; lastKnownFileType = sourcecode.swift; path = SearchLocationController.swift; sourceTree = "<group>"; };
		043679222AA0BDB3003C676F /* ResponseError.swift */ = {isa = PBXFileReference; fileEncoding = 4; lastKnownFileType = sourcecode.swift; path = ResponseError.swift; sourceTree = "<group>"; };
		043679272AA0BDF1003C676F /* Location.swift */ = {isa = PBXFileReference; lastKnownFileType = sourcecode.swift; path = Location.swift; sourceTree = "<group>"; };
		0436792A2AA0D16D003C676F /* LocationCell.swift */ = {isa = PBXFileReference; lastKnownFileType = sourcecode.swift; path = LocationCell.swift; sourceTree = "<group>"; };
		0436792C2AA0D6C0003C676F /* CurrentWeather.swift */ = {isa = PBXFileReference; lastKnownFileType = sourcecode.swift; path = CurrentWeather.swift; sourceTree = "<group>"; };
		0436792E2AA0D864003C676F /* Coordinate.swift */ = {isa = PBXFileReference; lastKnownFileType = sourcecode.swift; path = Coordinate.swift; sourceTree = "<group>"; };
		043679302AA0D8E9003C676F /* WeatherElement.swift */ = {isa = PBXFileReference; fileEncoding = 4; lastKnownFileType = sourcecode.swift; path = WeatherElement.swift; sourceTree = "<group>"; };
		043679322AA0D906003C676F /* CurrentWeatherMainValue.swift */ = {isa = PBXFileReference; fileEncoding = 4; lastKnownFileType = sourcecode.swift; path = CurrentWeatherMainValue.swift; sourceTree = "<group>"; };
		043679342AA0D911003C676F /* WeatherWind.swift */ = {isa = PBXFileReference; fileEncoding = 4; lastKnownFileType = sourcecode.swift; path = WeatherWind.swift; sourceTree = "<group>"; };
		043679362AA0D91A003C676F /* WeatherClouds.swift */ = {isa = PBXFileReference; fileEncoding = 4; lastKnownFileType = sourcecode.swift; path = WeatherClouds.swift; sourceTree = "<group>"; };
		043679382AA0D921003C676F /* CurrentWeatherSys.swift */ = {isa = PBXFileReference; fileEncoding = 4; lastKnownFileType = sourcecode.swift; path = CurrentWeatherSys.swift; sourceTree = "<group>"; };
		0436793A2AA0DC17003C676F /* WeatherAPIClient.swift */ = {isa = PBXFileReference; fileEncoding = 4; lastKnownFileType = sourcecode.swift; path = WeatherAPIClient.swift; sourceTree = "<group>"; };
		0436793D2AA11799003C676F /* extension.swift */ = {isa = PBXFileReference; lastKnownFileType = sourcecode.swift; path = extension.swift; sourceTree = "<group>"; };
		046653962AA2191900B58A10 /* Reachability.swift */ = {isa = PBXFileReference; lastKnownFileType = sourcecode.swift; path = Reachability.swift; sourceTree = "<group>"; };
		046653982AA22E1A00B58A10 /* UserDefault+Helper.swift */ = {isa = PBXFileReference; lastKnownFileType = sourcecode.swift; path = "UserDefault+Helper.swift"; sourceTree = "<group>"; };
		047647452AA4A474005FEA7D /* README.md */ = {isa = PBXFileReference; fileEncoding = 4; lastKnownFileType = net.daringfireball.markdown; path = README.md; sourceTree = "<group>"; };
		047647472AA4AF6E005FEA7D /* AppConstant.swift */ = {isa = PBXFileReference; lastKnownFileType = sourcecode.swift; path = AppConstant.swift; sourceTree = "<group>"; };
		0483415D2AA255BF00C046AD /* AppSnackBar.swift */ = {isa = PBXFileReference; lastKnownFileType = sourcecode.swift; path = AppSnackBar.swift; sourceTree = "<group>"; };
		0483415F2AA2678A00C046AD /* SearchLocationTests.swift */ = {isa = PBXFileReference; lastKnownFileType = sourcecode.swift; path = SearchLocationTests.swift; sourceTree = "<group>"; };
		048341612AA2682B00C046AD /* ModelClassTests.swift */ = {isa = PBXFileReference; lastKnownFileType = sourcecode.swift; path = ModelClassTests.swift; sourceTree = "<group>"; };
		048341632AA272C700C046AD /* WeatherAPIClientTests.swift */ = {isa = PBXFileReference; lastKnownFileType = sourcecode.swift; path = WeatherAPIClientTests.swift; sourceTree = "<group>"; };
/* End PBXFileReference section */

/* Begin PBXFrameworksBuildPhase section */
		043678E82AA0A78F003C676F /* Frameworks */ = {
			isa = PBXFrameworksBuildPhase;
			buildActionMask = 2147483647;
			files = (
				0466539C2AA2491400B58A10 /* SnackBar in Frameworks */,
			);
			runOnlyForDeploymentPostprocessing = 0;
		};
		043678FE2AA0A792003C676F /* Frameworks */ = {
			isa = PBXFrameworksBuildPhase;
			buildActionMask = 2147483647;
			files = (
			);
			runOnlyForDeploymentPostprocessing = 0;
		};
		043679082AA0A792003C676F /* Frameworks */ = {
			isa = PBXFrameworksBuildPhase;
			buildActionMask = 2147483647;
			files = (
			);
			runOnlyForDeploymentPostprocessing = 0;
		};
/* End PBXFrameworksBuildPhase section */

/* Begin PBXGroup section */
		040977FB2AA4D04D004156A5 /* CustomClass */ = {
			isa = PBXGroup;
			children = (
				0483415D2AA255BF00C046AD /* AppSnackBar.swift */,
				040977F92AA4CD96004156A5 /* Async.swift */,
				046653962AA2191900B58A10 /* Reachability.swift */,
				046653982AA22E1A00B58A10 /* UserDefault+Helper.swift */,
			);
			path = CustomClass;
			sourceTree = "<group>";
		};
		043678E22AA0A78F003C676F = {
			isa = PBXGroup;
			children = (
				047647452AA4A474005FEA7D /* README.md */,
				043678ED2AA0A78F003C676F /* iOSWeatherApp */,
				043679042AA0A792003C676F /* iOSWeatherAppTests */,
				0436790E2AA0A792003C676F /* iOSWeatherAppUITests */,
				043678EC2AA0A78F003C676F /* Products */,
			);
			sourceTree = "<group>";
		};
		043678EC2AA0A78F003C676F /* Products */ = {
			isa = PBXGroup;
			children = (
				043678EB2AA0A78F003C676F /* iOSWeatherApp.app */,
				043679012AA0A792003C676F /* iOSWeatherAppTests.xctest */,
				0436790B2AA0A792003C676F /* iOSWeatherAppUITests.xctest */,
			);
			name = Products;
			sourceTree = "<group>";
		};
		043678ED2AA0A78F003C676F /* iOSWeatherApp */ = {
			isa = PBXGroup;
			children = (
				040977FB2AA4D04D004156A5 /* CustomClass */,
				0436793C2AA11789003C676F /* Utilities */,
				043679292AA0BF6D003C676F /* Cell */,
				043679262AA0BDDF003C676F /* Model */,
				043679212AA0BDB3003C676F /* Network */,
				0436791E2AA0BCFA003C676F /* Controller */,
				043678EE2AA0A78F003C676F /* AppDelegate.swift */,
				043678F02AA0A78F003C676F /* SceneDelegate.swift */,
				043678F42AA0A78F003C676F /* Main.storyboard */,
				043678F72AA0A791003C676F /* Assets.xcassets */,
				043678F92AA0A791003C676F /* LaunchScreen.storyboard */,
				043678FC2AA0A791003C676F /* Info.plist */,
			);
			path = iOSWeatherApp;
			sourceTree = "<group>";
		};
		043679042AA0A792003C676F /* iOSWeatherAppTests */ = {
			isa = PBXGroup;
			children = (
				043679052AA0A792003C676F /* iOSWeatherAppTests.swift */,
				0483415F2AA2678A00C046AD /* SearchLocationTests.swift */,
				048341612AA2682B00C046AD /* ModelClassTests.swift */,
				048341632AA272C700C046AD /* WeatherAPIClientTests.swift */,
			);
			path = iOSWeatherAppTests;
			sourceTree = "<group>";
		};
		0436790E2AA0A792003C676F /* iOSWeatherAppUITests */ = {
			isa = PBXGroup;
			children = (
				0436790F2AA0A792003C676F /* iOSWeatherAppUITests.swift */,
				043679112AA0A792003C676F /* iOSWeatherAppUITestsLaunchTests.swift */,
			);
			path = iOSWeatherAppUITests;
			sourceTree = "<group>";
		};
		0436791E2AA0BCFA003C676F /* Controller */ = {
			isa = PBXGroup;
			children = (
				043678F22AA0A78F003C676F /* CurrentWeatherViewController.swift */,
				0436791F2AA0BD11003C676F /* SearchLocationController.swift */,
			);
			path = Controller;
			sourceTree = "<group>";
		};
		043679212AA0BDB3003C676F /* Network */ = {
			isa = PBXGroup;
			children = (
				043679222AA0BDB3003C676F /* ResponseError.swift */,
				0436793A2AA0DC17003C676F /* WeatherAPIClient.swift */,
			);
			path = Network;
			sourceTree = "<group>";
		};
		043679262AA0BDDF003C676F /* Model */ = {
			isa = PBXGroup;
			children = (
				0436792E2AA0D864003C676F /* Coordinate.swift */,
				0436792C2AA0D6C0003C676F /* CurrentWeather.swift */,
				043679322AA0D906003C676F /* CurrentWeatherMainValue.swift */,
				043679382AA0D921003C676F /* CurrentWeatherSys.swift */,
				043679272AA0BDF1003C676F /* Location.swift */,
				043679362AA0D91A003C676F /* WeatherClouds.swift */,
				043679302AA0D8E9003C676F /* WeatherElement.swift */,
				043679342AA0D911003C676F /* WeatherWind.swift */,
			);
			path = Model;
			sourceTree = "<group>";
		};
		043679292AA0BF6D003C676F /* Cell */ = {
			isa = PBXGroup;
			children = (
				0436792A2AA0D16D003C676F /* LocationCell.swift */,
			);
			path = Cell;
			sourceTree = "<group>";
		};
		0436793C2AA11789003C676F /* Utilities */ = {
			isa = PBXGroup;
			children = (
				047647472AA4AF6E005FEA7D /* AppConstant.swift */,
				0436793D2AA11799003C676F /* extension.swift */,
			);
			path = Utilities;
			sourceTree = "<group>";
		};
/* End PBXGroup section */

/* Begin PBXNativeTarget section */
		043678EA2AA0A78F003C676F /* iOSWeatherApp */ = {
			isa = PBXNativeTarget;
			buildConfigurationList = 043679152AA0A792003C676F /* Build configuration list for PBXNativeTarget "iOSWeatherApp" */;
			buildPhases = (
				043678E72AA0A78F003C676F /* Sources */,
				043678E82AA0A78F003C676F /* Frameworks */,
				043678E92AA0A78F003C676F /* Resources */,
			);
			buildRules = (
			);
			dependencies = (
			);
			name = iOSWeatherApp;
			packageProductDependencies = (
				0466539B2AA2491400B58A10 /* SnackBar */,
			);
			productName = iOSWeatherDemoApp;
			productReference = 043678EB2AA0A78F003C676F /* iOSWeatherApp.app */;
			productType = "com.apple.product-type.application";
		};
		043679002AA0A792003C676F /* iOSWeatherAppTests */ = {
			isa = PBXNativeTarget;
			buildConfigurationList = 043679182AA0A792003C676F /* Build configuration list for PBXNativeTarget "iOSWeatherAppTests" */;
			buildPhases = (
				043678FD2AA0A792003C676F /* Sources */,
				043678FE2AA0A792003C676F /* Frameworks */,
				043678FF2AA0A792003C676F /* Resources */,
			);
			buildRules = (
			);
			dependencies = (
				043679032AA0A792003C676F /* PBXTargetDependency */,
			);
			name = iOSWeatherAppTests;
			productName = iOSWeatherDemoAppTests;
			productReference = 043679012AA0A792003C676F /* iOSWeatherAppTests.xctest */;
			productType = "com.apple.product-type.bundle.unit-test";
		};
		0436790A2AA0A792003C676F /* iOSWeatherAppUITests */ = {
			isa = PBXNativeTarget;
			buildConfigurationList = 0436791B2AA0A792003C676F /* Build configuration list for PBXNativeTarget "iOSWeatherAppUITests" */;
			buildPhases = (
				043679072AA0A792003C676F /* Sources */,
				043679082AA0A792003C676F /* Frameworks */,
				043679092AA0A792003C676F /* Resources */,
			);
			buildRules = (
			);
			dependencies = (
				0436790D2AA0A792003C676F /* PBXTargetDependency */,
			);
			name = iOSWeatherAppUITests;
			productName = iOSWeatherDemoAppUITests;
			productReference = 0436790B2AA0A792003C676F /* iOSWeatherAppUITests.xctest */;
			productType = "com.apple.product-type.bundle.ui-testing";
		};
/* End PBXNativeTarget section */

/* Begin PBXProject section */
		043678E32AA0A78F003C676F /* Project object */ = {
			isa = PBXProject;
			attributes = {
				BuildIndependentTargetsInParallel = 1;
				LastSwiftUpdateCheck = 1420;
				LastUpgradeCheck = 1420;
				TargetAttributes = {
					043678EA2AA0A78F003C676F = {
						CreatedOnToolsVersion = 14.2;
					};
					043679002AA0A792003C676F = {
						CreatedOnToolsVersion = 14.2;
						TestTargetID = 043678EA2AA0A78F003C676F;
					};
					0436790A2AA0A792003C676F = {
						CreatedOnToolsVersion = 14.2;
						TestTargetID = 043678EA2AA0A78F003C676F;
					};
				};
			};
			buildConfigurationList = 043678E62AA0A78F003C676F /* Build configuration list for PBXProject "iOSWeatherApp" */;
			compatibilityVersion = "Xcode 14.0";
			developmentRegion = en;
			hasScannedForEncodings = 0;
			knownRegions = (
				en,
				Base,
			);
			mainGroup = 043678E22AA0A78F003C676F;
			packageReferences = (
				0466539A2AA2491400B58A10 /* XCRemoteSwiftPackageReference "SnackBar" */,
			);
			productRefGroup = 043678EC2AA0A78F003C676F /* Products */;
			projectDirPath = "";
			projectRoot = "";
			targets = (
				043678EA2AA0A78F003C676F /* iOSWeatherApp */,
				043679002AA0A792003C676F /* iOSWeatherAppTests */,
				0436790A2AA0A792003C676F /* iOSWeatherAppUITests */,
			);
		};
/* End PBXProject section */

/* Begin PBXResourcesBuildPhase section */
		043678E92AA0A78F003C676F /* Resources */ = {
			isa = PBXResourcesBuildPhase;
			buildActionMask = 2147483647;
			files = (
				043678FB2AA0A791003C676F /* LaunchScreen.storyboard in Resources */,
				043678F82AA0A791003C676F /* Assets.xcassets in Resources */,
				047647462AA4A474005FEA7D /* README.md in Resources */,
				043678F62AA0A78F003C676F /* Main.storyboard in Resources */,
			);
			runOnlyForDeploymentPostprocessing = 0;
		};
		043678FF2AA0A792003C676F /* Resources */ = {
			isa = PBXResourcesBuildPhase;
			buildActionMask = 2147483647;
			files = (
			);
			runOnlyForDeploymentPostprocessing = 0;
		};
		043679092AA0A792003C676F /* Resources */ = {
			isa = PBXResourcesBuildPhase;
			buildActionMask = 2147483647;
			files = (
			);
			runOnlyForDeploymentPostprocessing = 0;
		};
/* End PBXResourcesBuildPhase section */

/* Begin PBXSourcesBuildPhase section */
		043678E72AA0A78F003C676F /* Sources */ = {
			isa = PBXSourcesBuildPhase;
			buildActionMask = 2147483647;
			files = (
				046653992AA22E1A00B58A10 /* UserDefault+Helper.swift in Sources */,
				043679392AA0D921003C676F /* CurrentWeatherSys.swift in Sources */,
				0483415E2AA255BF00C046AD /* AppSnackBar.swift in Sources */,
				043679202AA0BD11003C676F /* SearchLocationController.swift in Sources */,
				043678F32AA0A78F003C676F /* CurrentWeatherViewController.swift in Sources */,
				043679242AA0BDB3003C676F /* ResponseError.swift in Sources */,
				0436792D2AA0D6C0003C676F /* CurrentWeather.swift in Sources */,
				043679332AA0D906003C676F /* CurrentWeatherMainValue.swift in Sources */,
				046653972AA2191900B58A10 /* Reachability.swift in Sources */,
				0436793B2AA0DC17003C676F /* WeatherAPIClient.swift in Sources */,
				040977FA2AA4CD96004156A5 /* Async.swift in Sources */,
				0436793E2AA11799003C676F /* extension.swift in Sources */,
				047647482AA4AF6E005FEA7D /* AppConstant.swift in Sources */,
				043678EF2AA0A78F003C676F /* AppDelegate.swift in Sources */,
				043678F12AA0A78F003C676F /* SceneDelegate.swift in Sources */,
				0436792B2AA0D16D003C676F /* LocationCell.swift in Sources */,
				043679282AA0BDF1003C676F /* Location.swift in Sources */,
				043679372AA0D91A003C676F /* WeatherClouds.swift in Sources */,
				0436792F2AA0D864003C676F /* Coordinate.swift in Sources */,
				043679312AA0D8E9003C676F /* WeatherElement.swift in Sources */,
				043679352AA0D911003C676F /* WeatherWind.swift in Sources */,
			);
			runOnlyForDeploymentPostprocessing = 0;
		};
		043678FD2AA0A792003C676F /* Sources */ = {
			isa = PBXSourcesBuildPhase;
			buildActionMask = 2147483647;
			files = (
				048341622AA2682B00C046AD /* ModelClassTests.swift in Sources */,
				048341602AA2678A00C046AD /* SearchLocationTests.swift in Sources */,
				048341642AA272C700C046AD /* WeatherAPIClientTests.swift in Sources */,
				043679062AA0A792003C676F /* iOSWeatherAppTests.swift in Sources */,
			);
			runOnlyForDeploymentPostprocessing = 0;
		};
		043679072AA0A792003C676F /* Sources */ = {
			isa = PBXSourcesBuildPhase;
			buildActionMask = 2147483647;
			files = (
				043679122AA0A792003C676F /* iOSWeatherAppUITestsLaunchTests.swift in Sources */,
				043679102AA0A792003C676F /* iOSWeatherAppUITests.swift in Sources */,
			);
			runOnlyForDeploymentPostprocessing = 0;
		};
/* End PBXSourcesBuildPhase section */

/* Begin PBXTargetDependency section */
		043679032AA0A792003C676F /* PBXTargetDependency */ = {
			isa = PBXTargetDependency;
			target = 043678EA2AA0A78F003C676F /* iOSWeatherApp */;
			targetProxy = 043679022AA0A792003C676F /* PBXContainerItemProxy */;
		};
		0436790D2AA0A792003C676F /* PBXTargetDependency */ = {
			isa = PBXTargetDependency;
			target = 043678EA2AA0A78F003C676F /* iOSWeatherApp */;
			targetProxy = 0436790C2AA0A792003C676F /* PBXContainerItemProxy */;
		};
/* End PBXTargetDependency section */

/* Begin PBXVariantGroup section */
		043678F42AA0A78F003C676F /* Main.storyboard */ = {
			isa = PBXVariantGroup;
			children = (
				043678F52AA0A78F003C676F /* Base */,
			);
			name = Main.storyboard;
			sourceTree = "<group>";
		};
		043678F92AA0A791003C676F /* LaunchScreen.storyboard */ = {
			isa = PBXVariantGroup;
			children = (
				043678FA2AA0A791003C676F /* Base */,
			);
			name = LaunchScreen.storyboard;
			sourceTree = "<group>";
		};
/* End PBXVariantGroup section */

/* Begin XCBuildConfiguration section */
		043679132AA0A792003C676F /* Debug */ = {
			isa = XCBuildConfiguration;
			buildSettings = {
				ALWAYS_SEARCH_USER_PATHS = NO;
				CLANG_ANALYZER_NONNULL = YES;
				CLANG_ANALYZER_NUMBER_OBJECT_CONVERSION = YES_AGGRESSIVE;
				CLANG_CXX_LANGUAGE_STANDARD = "gnu++20";
				CLANG_ENABLE_MODULES = YES;
				CLANG_ENABLE_OBJC_ARC = YES;
				CLANG_ENABLE_OBJC_WEAK = YES;
				CLANG_WARN_BLOCK_CAPTURE_AUTORELEASING = YES;
				CLANG_WARN_BOOL_CONVERSION = YES;
				CLANG_WARN_COMMA = YES;
				CLANG_WARN_CONSTANT_CONVERSION = YES;
				CLANG_WARN_DEPRECATED_OBJC_IMPLEMENTATIONS = YES;
				CLANG_WARN_DIRECT_OBJC_ISA_USAGE = YES_ERROR;
				CLANG_WARN_DOCUMENTATION_COMMENTS = YES;
				CLANG_WARN_EMPTY_BODY = YES;
				CLANG_WARN_ENUM_CONVERSION = YES;
				CLANG_WARN_INFINITE_RECURSION = YES;
				CLANG_WARN_INT_CONVERSION = YES;
				CLANG_WARN_NON_LITERAL_NULL_CONVERSION = YES;
				CLANG_WARN_OBJC_IMPLICIT_RETAIN_SELF = YES;
				CLANG_WARN_OBJC_LITERAL_CONVERSION = YES;
				CLANG_WARN_OBJC_ROOT_CLASS = YES_ERROR;
				CLANG_WARN_QUOTED_INCLUDE_IN_FRAMEWORK_HEADER = YES;
				CLANG_WARN_RANGE_LOOP_ANALYSIS = YES;
				CLANG_WARN_STRICT_PROTOTYPES = YES;
				CLANG_WARN_SUSPICIOUS_MOVE = YES;
				CLANG_WARN_UNGUARDED_AVAILABILITY = YES_AGGRESSIVE;
				CLANG_WARN_UNREACHABLE_CODE = YES;
				CLANG_WARN__DUPLICATE_METHOD_MATCH = YES;
				COPY_PHASE_STRIP = NO;
				DEBUG_INFORMATION_FORMAT = dwarf;
				ENABLE_STRICT_OBJC_MSGSEND = YES;
				ENABLE_TESTABILITY = YES;
				GCC_C_LANGUAGE_STANDARD = gnu11;
				GCC_DYNAMIC_NO_PIC = NO;
				GCC_NO_COMMON_BLOCKS = YES;
				GCC_OPTIMIZATION_LEVEL = 0;
				GCC_PREPROCESSOR_DEFINITIONS = (
					"DEBUG=1",
					"$(inherited)",
				);
				GCC_WARN_64_TO_32_BIT_CONVERSION = YES;
				GCC_WARN_ABOUT_RETURN_TYPE = YES_ERROR;
				GCC_WARN_UNDECLARED_SELECTOR = YES;
				GCC_WARN_UNINITIALIZED_AUTOS = YES_AGGRESSIVE;
				GCC_WARN_UNUSED_FUNCTION = YES;
				GCC_WARN_UNUSED_VARIABLE = YES;
				IPHONEOS_DEPLOYMENT_TARGET = 16.2;
				MTL_ENABLE_DEBUG_INFO = INCLUDE_SOURCE;
				MTL_FAST_MATH = YES;
				ONLY_ACTIVE_ARCH = YES;
				SDKROOT = iphoneos;
				SWIFT_ACTIVE_COMPILATION_CONDITIONS = DEBUG;
				SWIFT_OPTIMIZATION_LEVEL = "-Onone";
			};
			name = Debug;
		};
		043679142AA0A792003C676F /* Release */ = {
			isa = XCBuildConfiguration;
			buildSettings = {
				ALWAYS_SEARCH_USER_PATHS = NO;
				CLANG_ANALYZER_NONNULL = YES;
				CLANG_ANALYZER_NUMBER_OBJECT_CONVERSION = YES_AGGRESSIVE;
				CLANG_CXX_LANGUAGE_STANDARD = "gnu++20";
				CLANG_ENABLE_MODULES = YES;
				CLANG_ENABLE_OBJC_ARC = YES;
				CLANG_ENABLE_OBJC_WEAK = YES;
				CLANG_WARN_BLOCK_CAPTURE_AUTORELEASING = YES;
				CLANG_WARN_BOOL_CONVERSION = YES;
				CLANG_WARN_COMMA = YES;
				CLANG_WARN_CONSTANT_CONVERSION = YES;
				CLANG_WARN_DEPRECATED_OBJC_IMPLEMENTATIONS = YES;
				CLANG_WARN_DIRECT_OBJC_ISA_USAGE = YES_ERROR;
				CLANG_WARN_DOCUMENTATION_COMMENTS = YES;
				CLANG_WARN_EMPTY_BODY = YES;
				CLANG_WARN_ENUM_CONVERSION = YES;
				CLANG_WARN_INFINITE_RECURSION = YES;
				CLANG_WARN_INT_CONVERSION = YES;
				CLANG_WARN_NON_LITERAL_NULL_CONVERSION = YES;
				CLANG_WARN_OBJC_IMPLICIT_RETAIN_SELF = YES;
				CLANG_WARN_OBJC_LITERAL_CONVERSION = YES;
				CLANG_WARN_OBJC_ROOT_CLASS = YES_ERROR;
				CLANG_WARN_QUOTED_INCLUDE_IN_FRAMEWORK_HEADER = YES;
				CLANG_WARN_RANGE_LOOP_ANALYSIS = YES;
				CLANG_WARN_STRICT_PROTOTYPES = YES;
				CLANG_WARN_SUSPICIOUS_MOVE = YES;
				CLANG_WARN_UNGUARDED_AVAILABILITY = YES_AGGRESSIVE;
				CLANG_WARN_UNREACHABLE_CODE = YES;
				CLANG_WARN__DUPLICATE_METHOD_MATCH = YES;
				COPY_PHASE_STRIP = NO;
				DEBUG_INFORMATION_FORMAT = "dwarf-with-dsym";
				ENABLE_NS_ASSERTIONS = NO;
				ENABLE_STRICT_OBJC_MSGSEND = YES;
				GCC_C_LANGUAGE_STANDARD = gnu11;
				GCC_NO_COMMON_BLOCKS = YES;
				GCC_WARN_64_TO_32_BIT_CONVERSION = YES;
				GCC_WARN_ABOUT_RETURN_TYPE = YES_ERROR;
				GCC_WARN_UNDECLARED_SELECTOR = YES;
				GCC_WARN_UNINITIALIZED_AUTOS = YES_AGGRESSIVE;
				GCC_WARN_UNUSED_FUNCTION = YES;
				GCC_WARN_UNUSED_VARIABLE = YES;
				IPHONEOS_DEPLOYMENT_TARGET = 16.2;
				MTL_ENABLE_DEBUG_INFO = NO;
				MTL_FAST_MATH = YES;
				SDKROOT = iphoneos;
				SWIFT_COMPILATION_MODE = wholemodule;
				SWIFT_OPTIMIZATION_LEVEL = "-O";
				VALIDATE_PRODUCT = YES;
			};
			name = Release;
		};
		043679162AA0A792003C676F /* Debug */ = {
			isa = XCBuildConfiguration;
			buildSettings = {
				ASSETCATALOG_COMPILER_APPICON_NAME = AppIcon;
				ASSETCATALOG_COMPILER_GLOBAL_ACCENT_COLOR_NAME = AccentColor;
				CODE_SIGN_STYLE = Automatic;
				CURRENT_PROJECT_VERSION = 1;
				DEVELOPMENT_TEAM = T9KVFX5236;
				GENERATE_INFOPLIST_FILE = YES;
				INFOPLIST_FILE = iOSWeatherApp/Info.plist;
				INFOPLIST_KEY_NSLocationAlwaysUsageDescription = "This app needs your location to show nearby services";
				INFOPLIST_KEY_NSLocationWhenInUseUsageDescription = "This app needs your location to show nearby services";
				INFOPLIST_KEY_UIApplicationSupportsIndirectInputEvents = YES;
				INFOPLIST_KEY_UILaunchStoryboardName = LaunchScreen;
				INFOPLIST_KEY_UIMainStoryboardFile = Main;
				INFOPLIST_KEY_UISupportedInterfaceOrientations = UIInterfaceOrientationPortrait;
				IPHONEOS_DEPLOYMENT_TARGET = 13.0;
				LD_RUNPATH_SEARCH_PATHS = (
					"$(inherited)",
					"@executable_path/Frameworks",
				);
				MARKETING_VERSION = 1.0;
				PRODUCT_BUNDLE_IDENTIFIER = com.app.iOSWeatherApp;
				PRODUCT_NAME = "$(TARGET_NAME)";
				SWIFT_EMIT_LOC_STRINGS = YES;
				SWIFT_VERSION = 5.0;
				TARGETED_DEVICE_FAMILY = "1,2";
			};
			name = Debug;
		};
		043679172AA0A792003C676F /* Release */ = {
			isa = XCBuildConfiguration;
			buildSettings = {
				ASSETCATALOG_COMPILER_APPICON_NAME = AppIcon;
				ASSETCATALOG_COMPILER_GLOBAL_ACCENT_COLOR_NAME = AccentColor;
				CODE_SIGN_STYLE = Automatic;
				CURRENT_PROJECT_VERSION = 1;
				DEVELOPMENT_TEAM = T9KVFX5236;
				GENERATE_INFOPLIST_FILE = YES;
				INFOPLIST_FILE = iOSWeatherApp/Info.plist;
				INFOPLIST_KEY_NSLocationAlwaysUsageDescription = "This app needs your location to show nearby services";
				INFOPLIST_KEY_NSLocationWhenInUseUsageDescription = "This app needs your location to show nearby services";
				INFOPLIST_KEY_UIApplicationSupportsIndirectInputEvents = YES;
				INFOPLIST_KEY_UILaunchStoryboardName = LaunchScreen;
				INFOPLIST_KEY_UIMainStoryboardFile = Main;
				INFOPLIST_KEY_UISupportedInterfaceOrientations = UIInterfaceOrientationPortrait;
				IPHONEOS_DEPLOYMENT_TARGET = 13.0;
				LD_RUNPATH_SEARCH_PATHS = (
					"$(inherited)",
					"@executable_path/Frameworks",
				);
				MARKETING_VERSION = 1.0;
				PRODUCT_BUNDLE_IDENTIFIER = com.app.iOSWeatherApp;
				PRODUCT_NAME = "$(TARGET_NAME)";
				SWIFT_EMIT_LOC_STRINGS = YES;
				SWIFT_VERSION = 5.0;
				TARGETED_DEVICE_FAMILY = "1,2";
			};
			name = Release;
		};
		043679192AA0A792003C676F /* Debug */ = {
			isa = XCBuildConfiguration;
			buildSettings = {
				ALWAYS_EMBED_SWIFT_STANDARD_LIBRARIES = YES;
				BUNDLE_LOADER = "$(TEST_HOST)";
				"CODE_SIGN_IDENTITY[sdk=macosx*]" = "-";
				CODE_SIGN_STYLE = Automatic;
				CURRENT_PROJECT_VERSION = 1;
				DEVELOPMENT_TEAM = T9KVFX5236;
				GENERATE_INFOPLIST_FILE = YES;
				IPHONEOS_DEPLOYMENT_TARGET = 16.2;
				MARKETING_VERSION = 1.0;
				PRODUCT_BUNDLE_IDENTIFIER = com.app.iOSWeatherDemoAppTests;
				PRODUCT_NAME = "$(TARGET_NAME)";
				SWIFT_EMIT_LOC_STRINGS = NO;
				SWIFT_VERSION = 5.0;
				TARGETED_DEVICE_FAMILY = "1,2";
				TEST_HOST = "$(BUILT_PRODUCTS_DIR)/iOSWeatherApp.app/$(BUNDLE_EXECUTABLE_FOLDER_PATH)/iOSWeatherApp";
			};
			name = Debug;
		};
		0436791A2AA0A792003C676F /* Release */ = {
			isa = XCBuildConfiguration;
			buildSettings = {
				ALWAYS_EMBED_SWIFT_STANDARD_LIBRARIES = YES;
				BUNDLE_LOADER = "$(TEST_HOST)";
				"CODE_SIGN_IDENTITY[sdk=macosx*]" = "-";
				CODE_SIGN_STYLE = Automatic;
				CURRENT_PROJECT_VERSION = 1;
				DEVELOPMENT_TEAM = T9KVFX5236;
				GENERATE_INFOPLIST_FILE = YES;
				IPHONEOS_DEPLOYMENT_TARGET = 16.2;
				MARKETING_VERSION = 1.0;
				PRODUCT_BUNDLE_IDENTIFIER = com.app.iOSWeatherDemoAppTests;
				PRODUCT_NAME = "$(TARGET_NAME)";
				SWIFT_EMIT_LOC_STRINGS = NO;
				SWIFT_VERSION = 5.0;
				TARGETED_DEVICE_FAMILY = "1,2";
				TEST_HOST = "$(BUILT_PRODUCTS_DIR)/iOSWeatherApp.app/$(BUNDLE_EXECUTABLE_FOLDER_PATH)/iOSWeatherApp";
			};
			name = Release;
		};
		0436791C2AA0A792003C676F /* Debug */ = {
			isa = XCBuildConfiguration;
			buildSettings = {
				ALWAYS_EMBED_SWIFT_STANDARD_LIBRARIES = YES;
				CODE_SIGN_STYLE = Automatic;
				CURRENT_PROJECT_VERSION = 1;
				GENERATE_INFOPLIST_FILE = YES;
				MARKETING_VERSION = 1.0;
				PRODUCT_BUNDLE_IDENTIFIER = com.app.iOSWeatherDemoAppUITests;
				PRODUCT_NAME = "$(TARGET_NAME)";
				SWIFT_EMIT_LOC_STRINGS = NO;
				SWIFT_VERSION = 5.0;
				TARGETED_DEVICE_FAMILY = "1,2";
				TEST_TARGET_NAME = iOSWeatherDemoApp;
			};
			name = Debug;
		};
		0436791D2AA0A792003C676F /* Release */ = {
			isa = XCBuildConfiguration;
			buildSettings = {
				ALWAYS_EMBED_SWIFT_STANDARD_LIBRARIES = YES;
				CODE_SIGN_STYLE = Automatic;
				CURRENT_PROJECT_VERSION = 1;
				GENERATE_INFOPLIST_FILE = YES;
				MARKETING_VERSION = 1.0;
				PRODUCT_BUNDLE_IDENTIFIER = com.app.iOSWeatherDemoAppUITests;
				PRODUCT_NAME = "$(TARGET_NAME)";
				SWIFT_EMIT_LOC_STRINGS = NO;
				SWIFT_VERSION = 5.0;
				TARGETED_DEVICE_FAMILY = "1,2";
				TEST_TARGET_NAME = iOSWeatherDemoApp;
			};
			name = Release;
		};
/* End XCBuildConfiguration section */

/* Begin XCConfigurationList section */
		043678E62AA0A78F003C676F /* Build configuration list for PBXProject "iOSWeatherApp" */ = {
			isa = XCConfigurationList;
			buildConfigurations = (
				043679132AA0A792003C676F /* Debug */,
				043679142AA0A792003C676F /* Release */,
			);
			defaultConfigurationIsVisible = 0;
			defaultConfigurationName = Release;
		};
		043679152AA0A792003C676F /* Build configuration list for PBXNativeTarget "iOSWeatherApp" */ = {
			isa = XCConfigurationList;
			buildConfigurations = (
				043679162AA0A792003C676F /* Debug */,
				043679172AA0A792003C676F /* Release */,
			);
			defaultConfigurationIsVisible = 0;
			defaultConfigurationName = Release;
		};
		043679182AA0A792003C676F /* Build configuration list for PBXNativeTarget "iOSWeatherAppTests" */ = {
			isa = XCConfigurationList;
			buildConfigurations = (
				043679192AA0A792003C676F /* Debug */,
				0436791A2AA0A792003C676F /* Release */,
			);
			defaultConfigurationIsVisible = 0;
			defaultConfigurationName = Release;
		};
		0436791B2AA0A792003C676F /* Build configuration list for PBXNativeTarget "iOSWeatherAppUITests" */ = {
			isa = XCConfigurationList;
			buildConfigurations = (
				0436791C2AA0A792003C676F /* Debug */,
				0436791D2AA0A792003C676F /* Release */,
			);
			defaultConfigurationIsVisible = 0;
			defaultConfigurationName = Release;
		};
/* End XCConfigurationList section */

/* Begin XCRemoteSwiftPackageReference section */
		0466539A2AA2491400B58A10 /* XCRemoteSwiftPackageReference "SnackBar" */ = {
			isa = XCRemoteSwiftPackageReference;
			repositoryURL = "https://github.com/ahmedAlmasri/SnackBar.swift";
			requirement = {
				kind = upToNextMajorVersion;
				minimumVersion = 0.1.2;
			};
		};
/* End XCRemoteSwiftPackageReference section */

/* Begin XCSwiftPackageProductDependency section */
		0466539B2AA2491400B58A10 /* SnackBar */ = {
			isa = XCSwiftPackageProductDependency;
			package = 0466539A2AA2491400B58A10 /* XCRemoteSwiftPackageReference "SnackBar" */;
			productName = SnackBar;
		};
/* End XCSwiftPackageProductDependency section */
	};
	rootObject = 043678E32AA0A78F003C676F /* Project object */;
}
